<Solution>
  <Project Path="Assembly-CSharp.csproj" />
  <Project Path="Unity.XR.Interaction.Toolkit.Samples.InteractionSimulator.csproj" />
  <Project Path="Depthkit.Core.csproj" />
  <Project Path="Assembly-CSharp-Editor-firstpass.csproj" />
  <Project Path="Depthkit.Studio.Lite.csproj" />
  <Project Path="Depthkit.Studio.Editor.csproj" />
  <Project Path="Unity.XR.Interaction.Toolkit.Samples.DeviceSimulator.csproj" />
  <Project Path="Depthkit.Core.Editor.csproj" />
  <Project Path="Depthkit.Core.ShaderGraph.Editor.csproj" />
  <Project Path="Assembly-CSharp-Editor.csproj" />
  <Project Path="Depthkit.Core.VFX.csproj" />
  <Project Path="Depthkit.Studio.VFX.csproj" />
  <Project Path="Depthkit.Core.ShaderGraph.csproj" />
  <Project Path="Unity.XR.Interaction.Toolkit.Samples.StarterAssets.csproj" />
  <Project Path="Unity.XR.Interaction.Toolkit.Samples.Hands.csproj" />
  <Project Path="Unity.XR.Hands.Samples.VisualizerSample.csproj" />
  <Project Path="Depthkit.Studio.csproj" />
  <Project Path="Unity.XR.Interaction.Toolkit.Samples.Hands.Editor.csproj" />
  <Project Path="Depthkit.Studio.VFX.Editor.csproj" />
  <Project Path="Unity.XR.Interaction.Toolkit.Samples.WorldSpaceUI.Editor.csproj" />
  <Project Path="Unity.XR.Interaction.Toolkit.Samples.StarterAssets.Editor.csproj" />
  <Project Path="Depthkit.Core.VFX.Editor.csproj" />
  <Project Path="Unity.XR.Interaction.Toolkit.Samples.InteractionSimulator.Editor.csproj" />
  <Project Path="Depthkit.Studio.Lite.Editor.csproj" />
  <Project Path="UnityPlayModeSaverEditor.csproj" />
  <Project Path="UnityPlayModeSaver.csproj" />
  <Project Path="Depthkit.StreamingImageSequencePlayer.csproj" />
  <Project Path="Unity.XR.Interaction.Toolkit.Samples.WorldSpaceUI.csproj" />
</Solution>
